
Microsoft Visual Studio Solution File, Format Version 12.00
Project("{FAE04EC0-301F-11D3-BF4B-00C04F79EFBC}") = "SeeShartGL", "SeeShartGL\SeeShartGL.csproj", "{2B09C31C-EEC0-45D0-94CA-3D2AF39500DA}"
EndProject
Global
	GlobalSection(SolutionConfigurationPlatforms) = preSolution
		Debug|Any CPU = Debug|Any CPU
		Release|Any CPU = Release|Any CPU
	EndGlobalSection
	GlobalSection(ProjectConfigurationPlatforms) = postSolution
		{2B09C31C-EEC0-45D0-94CA-3D2AF39500DA}.Debug|Any CPU.ActiveCfg = Debug|Any CPU
		{2B09C31C-EEC0-45D0-94CA-3D2AF39500DA}.Debug|Any CPU.Build.0 = Debug|Any CPU
		{2B09C31C-EEC0-45D0-94CA-3D2AF39500DA}.Release|Any CPU.ActiveCfg = Release|Any CPU
		{2B09C31C-EEC0-45D0-94CA-3D2AF39500DA}.Release|Any CPU.Build.0 = Release|Any CPU
	EndGlobalSection
EndGlobal
